
Microsoft Visual Studio Solution File, Format Version 12.00
# Visual Studio Version 17
VisualStudioVersion = 17.9.34728.123
MinimumVisualStudioVersion = 10.0.40219.1
Project("{9A19103F-16F7-4668-BE54-9A1E7A4F7556}") = "Crud-MVC", "Crud-MVC\Crud-MVC.csproj", "{1B929DDA-CE6A-40C4-9556-FB461879B0D8}"
EndProject
Project("{9A19103F-16F7-4668-BE54-9A1E7A4F7556}") = "ProdcutDataAccessLayer", "ProdcutDataAccessLayer\ProdcutDataAccessLayer.csproj", "{A880B9A9-CDA6-4F38-A668-0AF3ABCF24B9}"
EndProject
Project("{2150E333-8FDC-42A3-9474-1A3956D46DE8}") = "Solution Items", "Solution Items", "{B02D5C96-D184-4690-9585-C110AED36923}"
	ProjectSection(SolutionItems) = preProject
		.editorconfig = .editorconfig
	EndProjectSection
EndProject
Global
	GlobalSection(SolutionConfigurationPlatforms) = preSolution
		Debug|Any CPU = Debug|Any CPU
		Release|Any CPU = Release|Any CPU
	EndGlobalSection
	GlobalSection(ProjectConfigurationPlatforms) = postSolution
		{1B929DDA-CE6A-40C4-9556-FB461879B0D8}.Debug|Any CPU.ActiveCfg = Debug|Any CPU
		{1B929DDA-CE6A-40C4-9556-FB461879B0D8}.Debug|Any CPU.Build.0 = Debug|Any CPU
		{1B929DDA-CE6A-40C4-9556-FB461879B0D8}.Release|Any CPU.ActiveCfg = Release|Any CPU
		{1B929DDA-CE6A-40C4-9556-FB461879B0D8}.Release|Any CPU.Build.0 = Release|Any CPU
		{A880B9A9-CDA6-4F38-A668-0AF3ABCF24B9}.Debug|Any CPU.ActiveCfg = Debug|Any CPU
		{A880B9A9-CDA6-4F38-A668-0AF3ABCF24B9}.Debug|Any CPU.Build.0 = Debug|Any CPU
		{A880B9A9-CDA6-4F38-A668-0AF3ABCF24B9}.Release|Any CPU.ActiveCfg = Release|Any CPU
		{A880B9A9-CDA6-4F38-A668-0AF3ABCF24B9}.Release|Any CPU.Build.0 = Release|Any CPU
	EndGlobalSection
	GlobalSection(SolutionProperties) = preSolution
		HideSolutionNode = FALSE
	EndGlobalSection
	GlobalSection(ExtensibilityGlobals) = postSolution
		SolutionGuid = {12A4BCD6-969F-481A-AC74-95E5B56431E9}
	EndGlobalSection
EndGlobal
